
Microsoft Visual Studio Solution File, Format Version 12.00
# Visual Studio Version 16
VisualStudioVersion = 16.0.30204.135
MinimumVisualStudioVersion = 10.0.40219.1
Project("{FAE04EC0-301F-11D3-BF4B-00C04F79EFBC}") = "ApiDemoApp", "ApiDemoApp\ApiDemoApp.csproj", "{7B0775BE-75FB-41AC-B36A-3E7C0EB0602D}"
EndProject
Global
	GlobalSection(SolutionConfigurationPlatforms) = preSolution
		Debug|Any CPU = Debug|Any CPU
		Release|Any CPU = Release|Any CPU
	EndGlobalSection
	GlobalSection(ProjectConfigurationPlatforms) = postSolution
		{7B0775BE-75FB-41AC-B36A-3E7C0EB0602D}.Debug|Any CPU.ActiveCfg = Debug|Any CPU
		{7B0775BE-75FB-41AC-B36A-3E7C0EB0602D}.Debug|Any CPU.Build.0 = Debug|Any CPU
		{7B0775BE-75FB-41AC-B36A-3E7C0EB0602D}.Release|Any CPU.ActiveCfg = Release|Any CPU
		{7B0775BE-75FB-41AC-B36A-3E7C0EB0602D}.Release|Any CPU.Build.0 = Release|Any CPU
	EndGlobalSection
	GlobalSection(SolutionProperties) = preSolution
		HideSolutionNode = FALSE
	EndGlobalSection
	GlobalSection(ExtensibilityGlobals) = postSolution
		SolutionGuid = {C8A19F8B-DC26-4D97-9513-B142A2967E13}
	EndGlobalSection
EndGlobal
